
Microsoft Visual Studio Solution File, Format Version 12.00
# Visual Studio 15
VisualStudioVersion = 15.0.27428.2037
MinimumVisualStudioVersion = 10.0.40219.1
Project("{FAE04EC0-301F-11D3-BF4B-00C04F79EFBC}") = "CarPool.Android", "CarPool\CarPool.Android\CarPool.Android.csproj", "{52EA30F7-D2C0-4715-8BF5-037E4C8B99CF}"
EndProject
Project("{FAE04EC0-301F-11D3-BF4B-00C04F79EFBC}") = "CarPool.iOS", "CarPool\CarPool.iOS\CarPool.iOS.csproj", "{B91791E6-ED37-4E9A-80FC-46D0B7B3A8E3}"
EndProject
Project("{FAE04EC0-301F-11D3-BF4B-00C04F79EFBC}") = "CarPool.UWP", "CarPool\CarPool.UWP\CarPool.UWP.csproj", "{0EF213CD-90A1-418C-A924-410C2F667899}"
EndProject
Project("{D954291E-2A0B-460D-934E-DC6B0785DB48}") = "CarPool", "CarPool\CarPool\CarPool.shproj", "{C2864DA3-5401-4166-B111-9605AE12C747}"
EndProject
Global
	GlobalSection(SharedMSBuildProjectFiles) = preSolution
		CarPool\CarPool\CarPool.projitems*{0ef213cd-90a1-418c-a924-410c2f667899}*SharedItemsImports = 4
		CarPool\CarPool\CarPool.projitems*{52ea30f7-d2c0-4715-8bf5-037e4c8b99cf}*SharedItemsImports = 4
		CarPool\CarPool\CarPool.projitems*{b91791e6-ed37-4e9a-80fc-46d0b7b3a8e3}*SharedItemsImports = 4
		CarPool\CarPool\CarPool.projitems*{c2864da3-5401-4166-b111-9605ae12c747}*SharedItemsImports = 13
	EndGlobalSection
	GlobalSection(SolutionConfigurationPlatforms) = preSolution
		Ad-Hoc|Any CPU = Ad-Hoc|Any CPU
		Ad-Hoc|ARM = Ad-Hoc|ARM
		Ad-Hoc|iPhone = Ad-Hoc|iPhone
		Ad-Hoc|iPhoneSimulator = Ad-Hoc|iPhoneSimulator
		Ad-Hoc|x64 = Ad-Hoc|x64
		Ad-Hoc|x86 = Ad-Hoc|x86
		AppStore|Any CPU = AppStore|Any CPU
		AppStore|ARM = AppStore|ARM
		AppStore|iPhone = AppStore|iPhone
		AppStore|iPhoneSimulator = AppStore|iPhoneSimulator
		AppStore|x64 = AppStore|x64
		AppStore|x86 = AppStore|x86
		Debug|Any CPU = Debug|Any CPU
		Debug|ARM = Debug|ARM
		Debug|iPhone = Debug|iPhone
		Debug|iPhoneSimulator = Debug|iPhoneSimulator
		Debug|x64 = Debug|x64
		Debug|x86 = Debug|x86
		Release|Any CPU = Release|Any CPU
		Release|ARM = Release|ARM
		Release|iPhone = Release|iPhone
		Release|iPhoneSimulator = Release|iPhoneSimulator
		Release|x64 = Release|x64
		Release|x86 = Release|x86
	EndGlobalSection
	GlobalSection(ProjectConfigurationPlatforms) = postSolution
		{52EA30F7-D2C0-4715-8BF5-037E4C8B99CF}.Ad-Hoc|Any CPU.ActiveCfg = Release|Any CPU
		{52EA30F7-D2C0-4715-8BF5-037E4C8B99CF}.Ad-Hoc|Any CPU.Build.0 = Release|Any CPU
		{52EA30F7-D2C0-4715-8BF5-037E4C8B99CF}.Ad-Hoc|Any CPU.Deploy.0 = Release|Any CPU
		{52EA30F7-D2C0-4715-8BF5-037E4C8B99CF}.Ad-Hoc|ARM.ActiveCfg = Release|Any CPU
		{52EA30F7-D2C0-4715-8BF5-037E4C8B99CF}.Ad-Hoc|ARM.Build.0 = Release|Any CPU
		{52EA30F7-D2C0-4715-8BF5-037E4C8B99CF}.Ad-Hoc|ARM.Deploy.0 = Release|Any CPU
		{52EA30F7-D2C0-4715-8BF5-037E4C8B99CF}.Ad-Hoc|iPhone.ActiveCfg = Release|Any CPU
		{52EA30F7-D2C0-4715-8BF5-037E4C8B99CF}.Ad-Hoc|iPhone.Build.0 = Release|Any CPU
		{52EA30F7-D2C0-4715-8BF5-037E4C8B99CF}.Ad-Hoc|iPhone.Deploy.0 = Release|Any CPU
		{52EA30F7-D2C0-4715-8BF5-037E4C8B99CF}.Ad-Hoc|iPhoneSimulator.ActiveCfg = Release|Any CPU
		{52EA30F7-D2C0-4715-8BF5-037E4C8B99CF}.Ad-Hoc|iPhoneSimulator.Build.0 = Release|Any CPU
		{52EA30F7-D2C0-4715-8BF5-037E4C8B99CF}.Ad-Hoc|iPhoneSimulator.Deploy.0 = Release|Any CPU
		{52EA30F7-D2C0-4715-8BF5-037E4C8B99CF}.Ad-Hoc|x64.ActiveCfg = Release|Any CPU
		{52EA30F7-D2C0-4715-8BF5-037E4C8B99CF}.Ad-Hoc|x64.Build.0 = Release|Any CPU
		{52EA30F7-D2C0-4715-8BF5-037E4C8B99CF}.Ad-Hoc|x64.Deploy.0 = Release|Any CPU
		{52EA30F7-D2C0-4715-8BF5-037E4C8B99CF}.Ad-Hoc|x86.ActiveCfg = Release|Any CPU
		{52EA30F7-D2C0-4715-8BF5-037E4C8B99CF}.Ad-Hoc|x86.Build.0 = Release|Any CPU
		{52EA30F7-D2C0-4715-8BF5-037E4C8B99CF}.Ad-Hoc|x86.Deploy.0 = Release|Any CPU
		{52EA30F7-D2C0-4715-8BF5-037E4C8B99CF}.AppStore|Any CPU.ActiveCfg = Release|Any CPU
		{52EA30F7-D2C0-4715-8BF5-037E4C8B99CF}.AppStore|Any CPU.Build.0 = Release|Any CPU
		{52EA30F7-D2C0-4715-8BF5-037E4C8B99CF}.AppStore|Any CPU.Deploy.0 = Release|Any CPU
		{52EA30F7-D2C0-4715-8BF5-037E4C8B99CF}.AppStore|ARM.ActiveCfg = Release|Any CPU
		{52EA30F7-D2C0-4715-8BF5-037E4C8B99CF}.AppStore|ARM.Build.0 = Release|Any CPU
		{52EA30F7-D2C0-4715-8BF5-037E4C8B99CF}.AppStore|ARM.Deploy.0 = Release|Any CPU
		{52EA30F7-D2C0-4715-8BF5-037E4C8B99CF}.AppStore|iPhone.ActiveCfg = Release|Any CPU
		{52EA30F7-D2C0-4715-8BF5-037E4C8B99CF}.AppStore|iPhone.Build.0 = Release|Any CPU
		{52EA30F7-D2C0-4715-8BF5-037E4C8B99CF}.AppStore|iPhone.Deploy.0 = Release|Any CPU
		{52EA30F7-D2C0-4715-8BF5-037E4C8B99CF}.AppStore|iPhoneSimulator.ActiveCfg = Release|Any CPU
		{52EA30F7-D2C0-4715-8BF5-037E4C8B99CF}.AppStore|iPhoneSimulator.Build.0 = Release|Any CPU
		{52EA30F7-D2C0-4715-8BF5-037E4C8B99CF}.AppStore|iPhoneSimulator.Deploy.0 = Release|Any CPU
		{52EA30F7-D2C0-4715-8BF5-037E4C8B99CF}.AppStore|x64.ActiveCfg = Release|Any CPU
		{52EA30F7-D2C0-4715-8BF5-037E4C8B99CF}.AppStore|x64.Build.0 = Release|Any CPU
		{52EA30F7-D2C0-4715-8BF5-037E4C8B99CF}.AppStore|x64.Deploy.0 = Release|Any CPU
		{52EA30F7-D2C0-4715-8BF5-037E4C8B99CF}.AppStore|x86.ActiveCfg = Release|Any CPU
		{52EA30F7-D2C0-4715-8BF5-037E4C8B99CF}.AppStore|x86.Build.0 = Release|Any CPU
		{52EA30F7-D2C0-4715-8BF5-037E4C8B99CF}.AppStore|x86.Deploy.0 = Release|Any CPU
		{52EA30F7-D2C0-4715-8BF5-037E4C8B99CF}.Debug|Any CPU.ActiveCfg = Debug|Any CPU
		{52EA30F7-D2C0-4715-8BF5-037E4C8B99CF}.Debug|Any CPU.Build.0 = Debug|Any CPU
		{52EA30F7-D2C0-4715-8BF5-037E4C8B99CF}.Debug|Any CPU.Deploy.0 = Debug|Any CPU
		{52EA30F7-D2C0-4715-8BF5-037E4C8B99CF}.Debug|ARM.ActiveCfg = Debug|Any CPU
		{52EA30F7-D2C0-4715-8BF5-037E4C8B99CF}.Debug|ARM.Build.0 = Debug|Any CPU
		{52EA30F7-D2C0-4715-8BF5-037E4C8B99CF}.Debug|ARM.Deploy.0 = Debug|Any CPU
		{52EA30F7-D2C0-4715-8BF5-037E4C8B99CF}.Debug|iPhone.ActiveCfg = Debug|Any CPU
		{52EA30F7-D2C0-4715-8BF5-037E4C8B99CF}.Debug|iPhone.Build.0 = Debug|Any CPU
		{52EA30F7-D2C0-4715-8BF5-037E4C8B99CF}.Debug|iPhone.Deploy.0 = Debug|Any CPU
		{52EA30F7-D2C0-4715-8BF5-037E4C8B99CF}.Debug|iPhoneSimulator.ActiveCfg = Debug|Any CPU
		{52EA30F7-D2C0-4715-8BF5-037E4C8B99CF}.Debug|iPhoneSimulator.Build.0 = Debug|Any CPU
		{52EA30F7-D2C0-4715-8BF5-037E4C8B99CF}.Debug|iPhoneSimulator.Deploy.0 = Debug|Any CPU
		{52EA30F7-D2C0-4715-8BF5-037E4C8B99CF}.Debug|x64.ActiveCfg = Debug|Any CPU
		{52EA30F7-D2C0-4715-8BF5-037E4C8B99CF}.Debug|x64.Build.0 = Debug|Any CPU
		{52EA30F7-D2C0-4715-8BF5-037E4C8B99CF}.Debug|x64.Deploy.0 = Debug|Any CPU
		{52EA30F7-D2C0-4715-8BF5-037E4C8B99CF}.Debug|x86.ActiveCfg = Debug|Any CPU
		{52EA30F7-D2C0-4715-8BF5-037E4C8B99CF}.Debug|x86.Build.0 = Debug|Any CPU
		{52EA30F7-D2C0-4715-8BF5-037E4C8B99CF}.Debug|x86.Deploy.0 = Debug|Any CPU
		{52EA30F7-D2C0-4715-8BF5-037E4C8B99CF}.Release|Any CPU.ActiveCfg = Release|Any CPU
		{52EA30F7-D2C0-4715-8BF5-037E4C8B99CF}.Release|Any CPU.Build.0 = Release|Any CPU
		{52EA30F7-D2C0-4715-8BF5-037E4C8B99CF}.Release|Any CPU.Deploy.0 = Release|Any CPU
		{52EA30F7-D2C0-4715-8BF5-037E4C8B99CF}.Release|ARM.ActiveCfg = Release|Any CPU
		{52EA30F7-D2C0-4715-8BF5-037E4C8B99CF}.Release|ARM.Build.0 = Release|Any CPU
		{52EA30F7-D2C0-4715-8BF5-037E4C8B99CF}.Release|ARM.Deploy.0 = Release|Any CPU
		{52EA30F7-D2C0-4715-8BF5-037E4C8B99CF}.Release|iPhone.ActiveCfg = Release|Any CPU
		{52EA30F7-D2C0-4715-8BF5-037E4C8B99CF}.Release|iPhone.Build.0 = Release|Any CPU
		{52EA30F7-D2C0-4715-8BF5-037E4C8B99CF}.Release|iPhone.Deploy.0 = Release|Any CPU
		{52EA30F7-D2C0-4715-8BF5-037E4C8B99CF}.Release|iPhoneSimulator.ActiveCfg = Release|Any CPU
		{52EA30F7-D2C0-4715-8BF5-037E4C8B99CF}.Release|iPhoneSimulator.Build.0 = Release|Any CPU
		{52EA30F7-D2C0-4715-8BF5-037E4C8B99CF}.Release|iPhoneSimulator.Deploy.0 = Release|Any CPU
		{52EA30F7-D2C0-4715-8BF5-037E4C8B99CF}.Release|x64.ActiveCfg = Release|Any CPU
		{52EA30F7-D2C0-4715-8BF5-037E4C8B99CF}.Release|x64.Build.0 = Release|Any CPU
		{52EA30F7-D2C0-4715-8BF5-037E4C8B99CF}.Release|x64.Deploy.0 = Release|Any CPU
		{52EA30F7-D2C0-4715-8BF5-037E4C8B99CF}.Release|x86.ActiveCfg = Release|Any CPU
		{52EA30F7-D2C0-4715-8BF5-037E4C8B99CF}.Release|x86.Build.0 = Release|Any CPU
		{52EA30F7-D2C0-4715-8BF5-037E4C8B99CF}.Release|x86.Deploy.0 = Release|Any CPU
		{B91791E6-ED37-4E9A-80FC-46D0B7B3A8E3}.Ad-Hoc|Any CPU.ActiveCfg = Ad-Hoc|iPhone
		{B91791E6-ED37-4E9A-80FC-46D0B7B3A8E3}.Ad-Hoc|ARM.ActiveCfg = Ad-Hoc|iPhone
		{B91791E6-ED37-4E9A-80FC-46D0B7B3A8E3}.Ad-Hoc|iPhone.ActiveCfg = Ad-Hoc|iPhone
		{B91791E6-ED37-4E9A-80FC-46D0B7B3A8E3}.Ad-Hoc|iPhone.Build.0 = Ad-Hoc|iPhone
		{B91791E6-ED37-4E9A-80FC-46D0B7B3A8E3}.Ad-Hoc|iPhoneSimulator.ActiveCfg = Ad-Hoc|iPhoneSimulator
		{B91791E6-ED37-4E9A-80FC-46D0B7B3A8E3}.Ad-Hoc|iPhoneSimulator.Build.0 = Ad-Hoc|iPhoneSimulator
		{B91791E6-ED37-4E9A-80FC-46D0B7B3A8E3}.Ad-Hoc|x64.ActiveCfg = Ad-Hoc|iPhone
		{B91791E6-ED37-4E9A-80FC-46D0B7B3A8E3}.Ad-Hoc|x86.ActiveCfg = Ad-Hoc|iPhone
		{B91791E6-ED37-4E9A-80FC-46D0B7B3A8E3}.AppStore|Any CPU.ActiveCfg = AppStore|iPhone
		{B91791E6-ED37-4E9A-80FC-46D0B7B3A8E3}.AppStore|ARM.ActiveCfg = AppStore|iPhone
		{B91791E6-ED37-4E9A-80FC-46D0B7B3A8E3}.AppStore|iPhone.ActiveCfg = AppStore|iPhone
		{B91791E6-ED37-4E9A-80FC-46D0B7B3A8E3}.AppStore|iPhone.Build.0 = AppStore|iPhone
		{B91791E6-ED37-4E9A-80FC-46D0B7B3A8E3}.AppStore|iPhoneSimulator.ActiveCfg = AppStore|iPhoneSimulator
		{B91791E6-ED37-4E9A-80FC-46D0B7B3A8E3}.AppStore|iPhoneSimulator.Build.0 = AppStore|iPhoneSimulator
		{B91791E6-ED37-4E9A-80FC-46D0B7B3A8E3}.AppStore|x64.ActiveCfg = AppStore|iPhone
		{B91791E6-ED37-4E9A-80FC-46D0B7B3A8E3}.AppStore|x86.ActiveCfg = AppStore|iPhone
		{B91791E6-ED37-4E9A-80FC-46D0B7B3A8E3}.Debug|Any CPU.ActiveCfg = Debug|iPhone
		{B91791E6-ED37-4E9A-80FC-46D0B7B3A8E3}.Debug|ARM.ActiveCfg = Debug|iPhone
		{B91791E6-ED37-4E9A-80FC-46D0B7B3A8E3}.Debug|iPhone.ActiveCfg = Debug|iPhone
		{B91791E6-ED37-4E9A-80FC-46D0B7B3A8E3}.Debug|iPhone.Build.0 = Debug|iPhone
		{B91791E6-ED37-4E9A-80FC-46D0B7B3A8E3}.Debug|iPhoneSimulator.ActiveCfg = Debug|iPhoneSimulator
		{B91791E6-ED37-4E9A-80FC-46D0B7B3A8E3}.Debug|iPhoneSimulator.Build.0 = Debug|iPhoneSimulator
		{B91791E6-ED37-4E9A-80FC-46D0B7B3A8E3}.Debug|x64.ActiveCfg = Debug|iPhone
		{B91791E6-ED37-4E9A-80FC-46D0B7B3A8E3}.Debug|x86.ActiveCfg = Debug|iPhone
		{B91791E6-ED37-4E9A-80FC-46D0B7B3A8E3}.Release|Any CPU.ActiveCfg = Release|iPhone
		{B91791E6-ED37-4E9A-80FC-46D0B7B3A8E3}.Release|ARM.ActiveCfg = Release|iPhone
		{B91791E6-ED37-4E9A-80FC-46D0B7B3A8E3}.Release|iPhone.ActiveCfg = Release|iPhone
		{B91791E6-ED37-4E9A-80FC-46D0B7B3A8E3}.Release|iPhone.Build.0 = Release|iPhone
		{B91791E6-ED37-4E9A-80FC-46D0B7B3A8E3}.Release|iPhoneSimulator.ActiveCfg = Release|iPhoneSimulator
		{B91791E6-ED37-4E9A-80FC-46D0B7B3A8E3}.Release|iPhoneSimulator.Build.0 = Release|iPhoneSimulator
		{B91791E6-ED37-4E9A-80FC-46D0B7B3A8E3}.Release|x64.ActiveCfg = Release|iPhone
		{B91791E6-ED37-4E9A-80FC-46D0B7B3A8E3}.Release|x86.ActiveCfg = Release|iPhone
		{0EF213CD-90A1-418C-A924-410C2F667899}.Ad-Hoc|Any CPU.ActiveCfg = Release|x86
		{0EF213CD-90A1-418C-A924-410C2F667899}.Ad-Hoc|Any CPU.Build.0 = Release|x86
		{0EF213CD-90A1-418C-A924-410C2F667899}.Ad-Hoc|Any CPU.Deploy.0 = Release|x86
		{0EF213CD-90A1-418C-A924-410C2F667899}.Ad-Hoc|ARM.ActiveCfg = Release|ARM
		{0EF213CD-90A1-418C-A924-410C2F667899}.Ad-Hoc|ARM.Build.0 = Release|ARM
		{0EF213CD-90A1-418C-A924-410C2F667899}.Ad-Hoc|ARM.Deploy.0 = Release|ARM
		{0EF213CD-90A1-418C-A924-410C2F667899}.Ad-Hoc|iPhone.ActiveCfg = Release|x86
		{0EF213CD-90A1-418C-A924-410C2F667899}.Ad-Hoc|iPhone.Build.0 = Release|x86
		{0EF213CD-90A1-418C-A924-410C2F667899}.Ad-Hoc|iPhone.Deploy.0 = Release|x86
		{0EF213CD-90A1-418C-A924-410C2F667899}.Ad-Hoc|iPhoneSimulator.ActiveCfg = Release|x86
		{0EF213CD-90A1-418C-A924-410C2F667899}.Ad-Hoc|iPhoneSimulator.Build.0 = Release|x86
		{0EF213CD-90A1-418C-A924-410C2F667899}.Ad-Hoc|iPhoneSimulator.Deploy.0 = Release|x86
		{0EF213CD-90A1-418C-A924-410C2F667899}.Ad-Hoc|x64.ActiveCfg = Release|x64
		{0EF213CD-90A1-418C-A924-410C2F667899}.Ad-Hoc|x64.Build.0 = Release|x64
		{0EF213CD-90A1-418C-A924-410C2F667899}.Ad-Hoc|x64.Deploy.0 = Release|x64
		{0EF213CD-90A1-418C-A924-410C2F667899}.Ad-Hoc|x86.ActiveCfg = Release|x86
		{0EF213CD-90A1-418C-A924-410C2F667899}.Ad-Hoc|x86.Build.0 = Release|x86
		{0EF213CD-90A1-418C-A924-410C2F667899}.Ad-Hoc|x86.Deploy.0 = Release|x86
		{0EF213CD-90A1-418C-A924-410C2F667899}.AppStore|Any CPU.ActiveCfg = Release|x86
		{0EF213CD-90A1-418C-A924-410C2F667899}.AppStore|Any CPU.Build.0 = Release|x86
		{0EF213CD-90A1-418C-A924-410C2F667899}.AppStore|Any CPU.Deploy.0 = Release|x86
		{0EF213CD-90A1-418C-A924-410C2F667899}.AppStore|ARM.ActiveCfg = Release|ARM
		{0EF213CD-90A1-418C-A924-410C2F667899}.AppStore|ARM.Build.0 = Release|ARM
		{0EF213CD-90A1-418C-A924-410C2F667899}.AppStore|ARM.Deploy.0 = Release|ARM
		{0EF213CD-90A1-418C-A924-410C2F667899}.AppStore|iPhone.ActiveCfg = Release|x86
		{0EF213CD-90A1-418C-A924-410C2F667899}.AppStore|iPhone.Build.0 = Release|x86
		{0EF213CD-90A1-418C-A924-410C2F667899}.AppStore|iPhone.Deploy.0 = Release|x86
		{0EF213CD-90A1-418C-A924-410C2F667899}.AppStore|iPhoneSimulator.ActiveCfg = Release|x86
		{0EF213CD-90A1-418C-A924-410C2F667899}.AppStore|iPhoneSimulator.Build.0 = Release|x86
		{0EF213CD-90A1-418C-A924-410C2F667899}.AppStore|iPhoneSimulator.Deploy.0 = Release|x86
		{0EF213CD-90A1-418C-A924-410C2F667899}.AppStore|x64.ActiveCfg = Release|x64
		{0EF213CD-90A1-418C-A924-410C2F667899}.AppStore|x64.Build.0 = Release|x64
		{0EF213CD-90A1-418C-A924-410C2F667899}.AppStore|x64.Deploy.0 = Release|x64
		{0EF213CD-90A1-418C-A924-410C2F667899}.AppStore|x86.ActiveCfg = Release|x86
		{0EF213CD-90A1-418C-A924-410C2F667899}.AppStore|x86.Build.0 = Release|x86
		{0EF213CD-90A1-418C-A924-410C2F667899}.AppStore|x86.Deploy.0 = Release|x86
		{0EF213CD-90A1-418C-A924-410C2F667899}.Debug|Any CPU.ActiveCfg = Debug|x86
		{0EF213CD-90A1-418C-A924-410C2F667899}.Debug|ARM.ActiveCfg = Debug|ARM
		{0EF213CD-90A1-418C-A924-410C2F667899}.Debug|ARM.Build.0 = Debug|ARM
		{0EF213CD-90A1-418C-A924-410C2F667899}.Debug|ARM.Deploy.0 = Debug|ARM
		{0EF213CD-90A1-418C-A924-410C2F667899}.Debug|iPhone.ActiveCfg = Debug|x86
		{0EF213CD-90A1-418C-A924-410C2F667899}.Debug|iPhoneSimulator.ActiveCfg = Debug|x86
		{0EF213CD-90A1-418C-A924-410C2F667899}.Debug|x64.ActiveCfg = Debug|x64
		{0EF213CD-90A1-418C-A924-410C2F667899}.Debug|x64.Build.0 = Debug|x64
		{0EF213CD-90A1-418C-A924-410C2F667899}.Debug|x64.Deploy.0 = Debug|x64
		{0EF213CD-90A1-418C-A924-410C2F667899}.Debug|x86.ActiveCfg = Debug|x86
		{0EF213CD-90A1-418C-A924-410C2F667899}.Debug|x86.Build.0 = Debug|x86
		{0EF213CD-90A1-418C-A924-410C2F667899}.Debug|x86.Deploy.0 = Debug|x86
		{0EF213CD-90A1-418C-A924-410C2F667899}.Release|Any CPU.ActiveCfg = Release|x86
		{0EF213CD-90A1-418C-A924-410C2F667899}.Release|ARM.ActiveCfg = Release|ARM
		{0EF213CD-90A1-418C-A924-410C2F667899}.Release|ARM.Build.0 = Release|ARM
		{0EF213CD-90A1-418C-A924-410C2F667899}.Release|ARM.Deploy.0 = Release|ARM
		{0EF213CD-90A1-418C-A924-410C2F667899}.Release|iPhone.ActiveCfg = Release|x86
		{0EF213CD-90A1-418C-A924-410C2F667899}.Release|iPhoneSimulator.ActiveCfg = Release|x86
		{0EF213CD-90A1-418C-A924-410C2F667899}.Release|x64.ActiveCfg = Release|x64
		{0EF213CD-90A1-418C-A924-410C2F667899}.Release|x64.Build.0 = Release|x64
		{0EF213CD-90A1-418C-A924-410C2F667899}.Release|x64.Deploy.0 = Release|x64
		{0EF213CD-90A1-418C-A924-410C2F667899}.Release|x86.ActiveCfg = Release|x86
		{0EF213CD-90A1-418C-A924-410C2F667899}.Release|x86.Build.0 = Release|x86
		{0EF213CD-90A1-418C-A924-410C2F667899}.Release|x86.Deploy.0 = Release|x86
	EndGlobalSection
	GlobalSection(SolutionProperties) = preSolution
		HideSolutionNode = FALSE
	EndGlobalSection
	GlobalSection(ExtensibilityGlobals) = postSolution
		SolutionGuid = {F98BA77A-1777-4FDA-AF03-2B61BA6636E6}
	EndGlobalSection
EndGlobal
